
Microsoft Visual Studio Solution File, Format Version 12.00
# Visual Studio Version 17
VisualStudioVersion = 17.2.32616.157
MinimumVisualStudioVersion = 10.0.40219.1
Project("{FAE04EC0-301F-11D3-BF4B-00C04F79EFBC}") = "CSV Redactor", "CSV Redactor\CSV Redactor.csproj", "{385C7771-E877-4A38-BBE9-C1D65EA76A07}"
EndProject
Global
	GlobalSection(SolutionConfigurationPlatforms) = preSolution
		Debug|Any CPU = Debug|Any CPU
		Release|Any CPU = Release|Any CPU
	EndGlobalSection
	GlobalSection(ProjectConfigurationPlatforms) = postSolution
		{385C7771-E877-4A38-BBE9-C1D65EA76A07}.Debug|Any CPU.ActiveCfg = Debug|Any CPU
		{385C7771-E877-4A38-BBE9-C1D65EA76A07}.Debug|Any CPU.Build.0 = Debug|Any CPU
		{385C7771-E877-4A38-BBE9-C1D65EA76A07}.Release|Any CPU.ActiveCfg = Release|Any CPU
		{385C7771-E877-4A38-BBE9-C1D65EA76A07}.Release|Any CPU.Build.0 = Release|Any CPU
	EndGlobalSection
	GlobalSection(SolutionProperties) = preSolution
		HideSolutionNode = FALSE
	EndGlobalSection
	GlobalSection(ExtensibilityGlobals) = postSolution
		SolutionGuid = {A049615C-0A31-4F4E-A109-647D84BF0102}
	EndGlobalSection
EndGlobal
